
Microsoft Visual Studio Solution File, Format Version 11.00
# Visual Studio 2010
# SharpDevelop 4.4
Project("{FAE04EC0-301F-11D3-BF4B-00C04F79EFBC}") = "AsteriskPhoneAgent", "AsteriskPhoneAgent.csproj", "{36DE8C9F-ED1D-4AFF-9C15-DEB9D9D6EAE9}"
EndProject
Global
	GlobalSection(SolutionConfigurationPlatforms) = preSolution
		Debug|Any CPU = Debug|Any CPU
		Release|Any CPU = Release|Any CPU
	EndGlobalSection
	GlobalSection(ProjectConfigurationPlatforms) = postSolution
		{36DE8C9F-ED1D-4AFF-9C15-DEB9D9D6EAE9}.Debug|Any CPU.Build.0 = Debug|Any CPU
		{36DE8C9F-ED1D-4AFF-9C15-DEB9D9D6EAE9}.Debug|Any CPU.ActiveCfg = Debug|Any CPU
		{36DE8C9F-ED1D-4AFF-9C15-DEB9D9D6EAE9}.Release|Any CPU.Build.0 = Release|Any CPU
		{36DE8C9F-ED1D-4AFF-9C15-DEB9D9D6EAE9}.Release|Any CPU.ActiveCfg = Release|Any CPU
	EndGlobalSection
EndGlobal
